
Microsoft Visual Studio Solution File, Format Version 12.00
# Visual Studio Version 17
VisualStudioVersion = 17.7.34221.43
MinimumVisualStudioVersion = 10.0.40219.1
Project("{FAE04EC0-301F-11D3-BF4B-00C04F79EFBC}") = "Trendy_BackEnd", "Trendy_BackEnd.csproj", "{01BCCF9E-BCE5-456A-AC0D-235F6649568D}"
EndProject
Global
	GlobalSection(SolutionConfigurationPlatforms) = preSolution
		Debug|Any CPU = Debug|Any CPU
		Release|Any CPU = Release|Any CPU
	EndGlobalSection
	GlobalSection(ProjectConfigurationPlatforms) = postSolution
		{01BCCF9E-BCE5-456A-AC0D-235F6649568D}.Debug|Any CPU.ActiveCfg = Debug|Any CPU
		{01BCCF9E-BCE5-456A-AC0D-235F6649568D}.Debug|Any CPU.Build.0 = Debug|Any CPU
		{01BCCF9E-BCE5-456A-AC0D-235F6649568D}.Release|Any CPU.ActiveCfg = Release|Any CPU
		{01BCCF9E-BCE5-456A-AC0D-235F6649568D}.Release|Any CPU.Build.0 = Release|Any CPU
	EndGlobalSection
	GlobalSection(SolutionProperties) = preSolution
		HideSolutionNode = FALSE
	EndGlobalSection
	GlobalSection(ExtensibilityGlobals) = postSolution
		SolutionGuid = {481B86F7-021A-4805-8E86-19537CA45D24}
	EndGlobalSection
EndGlobal
